<?xml version="1.0" encoding="utf-8"?>
<Project ToolsVersion="4.0" xmlns="http://schemas.microsoft.com/developer/msbuild/2003">
  <ItemGroup>
    <Filter Include="Source Files">
      <UniqueIdentifier>{99c1b67e-7c8b-4439-92fd-d34114dcb417}</UniqueIdentifier>
      <Extensions>cpp;c;cxx;def;odl;idl;hpj;bat;asm</Extensions>
    </Filter>
    <Filter Include="Header Files">
      <UniqueIdentifier>{38bab00d-25ac-4632-ad07-526b0537379d}</UniqueIdentifier>
      <Extensions>h;hpp;hxx;hm;inl;inc</Extensions>
    </Filter>
    <Filter Include="Resource Files">
      <UniqueIdentifier>{2ad14459-f903-489e-bb61-4575215ca8f4}</UniqueIdentifier>
      <Extensions>rc;ico;cur;bmp;dlg;rc2;rct;bin;rgs;jpg;jpeg;jpe;manifest</Extensions>
    </Filter>
  </ItemGroup>
  <ItemGroup>
    <ClCompile Include="stdafx.cpp">
      <Filter>Source Files</Filter>
    </ClCompile>
    <ClCompile Include="SCardManager.cpp">
      <Filter>Source Files</Filter>
    </ClCompile>
    <ClCompile Include="AboutDlg.cpp">
      <Filter>Source Files</Filter>
    </ClCompile>
    <ClCompile Include="ADODB.cpp">
      <Filter>Source Files</Filter>
    </ClCompile>
    <ClCompile Include="AgentWnd.cpp">
      <Filter>Source Files</Filter>
    </ClCompile>
    <ClCompile Include="CommTcpConverter.cpp">
      <Filter>Source Files</Filter>
    </ClCompile>
    <ClCompile Include="ReaderCommander.cpp">
      <Filter>Source Files</Filter>
    </ClCompile>
    <ClCompile Include="SockComm.cpp">
      <Filter>Source Files</Filter>
    </ClCompile>
    <ClCompile Include="SCardManagerApp.cpp">
      <Filter>Source Files</Filter>
    </ClCompile>
    <ClCompile Include="ConverterServer.cpp">
      <Filter>Source Files</Filter>
    </ClCompile>
    <ClCompile Include="ConverterProtocol.cpp">
      <Filter>Source Files</Filter>
    </ClCompile>
    <ClCompile Include="Client.cpp">
      <Filter>Source Files</Filter>
    </ClCompile>
  </ItemGroup>
  <ItemGroup>
    <ClInclude Include="stdafx.h">
      <Filter>Header Files</Filter>
    </ClInclude>
    <ClInclude Include="AboutDlg.h">
      <Filter>Header Files</Filter>
    </ClInclude>
    <ClInclude Include="resource.h">
      <Filter>Header Files</Filter>
    </ClInclude>
    <ClInclude Include="CommTcpConverter.h">
      <Filter>Source Files</Filter>
    </ClInclude>
    <ClInclude Include="ADODB.h">
      <Filter>Header Files</Filter>
    </ClInclude>
    <ClInclude Include="AgentWnd.h">
      <Filter>Header Files</Filter>
    </ClInclude>
    <ClInclude Include="ReaderCommander.h">
      <Filter>Header Files</Filter>
    </ClInclude>
    <ClInclude Include="SCardManager.h">
      <Filter>Header Files</Filter>
    </ClInclude>
    <ClInclude Include="SCardManagerApp.h">
      <Filter>Header Files</Filter>
    </ClInclude>
    <ClInclude Include="SockComm.h">
      <Filter>Header Files</Filter>
    </ClInclude>
    <ClInclude Include="trayiconimpl.h">
      <Filter>Header Files</Filter>
    </ClInclude>
    <ClInclude Include="ConverterServer.h">
      <Filter>Header Files</Filter>
    </ClInclude>
    <ClInclude Include="ConverterProtocol.h">
      <Filter>Header Files</Filter>
    </ClInclude>
    <ClInclude Include="Client.h">
      <Filter>Header Files</Filter>
    </ClInclude>
  </ItemGroup>
  <ItemGroup>
    <ResourceCompile Include="SCardManager.rc">
      <Filter>Resource Files</Filter>
    </ResourceCompile>
  </ItemGroup>
  <ItemGroup>
    <None Include="res\SCardManager.ico">
      <Filter>Resource Files</Filter>
    </None>
    <None Include="res\ico\Rotate1.ico">
      <Filter>Resource Files</Filter>
    </None>
    <None Include="res\ico\Rotate3.ico">
      <Filter>Resource Files</Filter>
    </None>
    <None Include="res\ico\Rotate5.ico">
      <Filter>Resource Files</Filter>
    </None>
    <None Include="res\ico\Rotate7.ico">
      <Filter>Resource Files</Filter>
    </None>
  </ItemGroup>
</Project>