<?xml version="1.0" encoding="utf-8"?>
<Project ToolsVersion="4.0" xmlns="http://schemas.microsoft.com/developer/msbuild/2003">
  <ItemGroup>
    <Filter Include="Source Files">
      <UniqueIdentifier>{3135bb36-27e8-43ee-a107-0a276da8a09b}</UniqueIdentifier>
    </Filter>
    <Filter Include="Generated Files">
      <UniqueIdentifier>{e97d78b1-31e8-4410-9a94-7f8c1adb6293}</UniqueIdentifier>
      <SourceControlFiles>False</SourceControlFiles>
    </Filter>
  </ItemGroup>
  <ItemGroup>
    <None Include="SCardServiceps.def" />
  </ItemGroup>
  <ItemGroup>
    <ClCompile Include="SCardService_i.c">
      <Filter>Generated Files</Filter>
    </ClCompile>
    <ClCompile Include="SCardService_p.c">
      <Filter>Generated Files</Filter>
    </ClCompile>
    <ClCompile Include="dlldata.c">
      <Filter>Generated Files</Filter>
    </ClCompile>
  </ItemGroup>
</Project>